
Microsoft Visual Studio Solution File, Format Version 12.00
# Visual Studio Version 17
VisualStudioVersion = 17.1.32319.34
MinimumVisualStudioVersion = 10.0.40219.1
Project("{9A19103F-16F7-4668-BE54-9A1E7A4F7556}") = "Directum.MessagerDAL", "Directum.MessagerDAL\Directum.MessagerDAL.csproj", "{4A839B26-EB15-4379-A3AF-23117FD69870}"
EndProject
Project("{00D1A9C2-B5F0-4AF3-8072-F6C62B433612}") = "Directum.MessagerSQL", "Directum.MessagerSQL\Directum.MessagerSQL.sqlproj", "{CC5E08D7-70ED-497F-AF6E-034F6FABBD80}"
EndProject
Project("{9A19103F-16F7-4668-BE54-9A1E7A4F7556}") = "Directum.MessagerDAL.ConsoleTest", "Directum.MessagerDAL.ConsoleTest\Directum.MessagerDAL.ConsoleTest.csproj", "{2B4C2DB5-456F-482B-861F-A6B5FBBC85A4}"
EndProject
Project("{FAE04EC0-301F-11D3-BF4B-00C04F79EFBC}") = "Directum.Refactoring", "Directum.Refactoring\Directum.Refactoring.csproj", "{EED70BEC-76E0-43C6-8828-B77357991E88}"
EndProject
Global
	GlobalSection(SolutionConfigurationPlatforms) = preSolution
		Debug|Any CPU = Debug|Any CPU
		Release|Any CPU = Release|Any CPU
	EndGlobalSection
	GlobalSection(ProjectConfigurationPlatforms) = postSolution
		{4A839B26-EB15-4379-A3AF-23117FD69870}.Debug|Any CPU.ActiveCfg = Debug|Any CPU
		{4A839B26-EB15-4379-A3AF-23117FD69870}.Debug|Any CPU.Build.0 = Debug|Any CPU
		{4A839B26-EB15-4379-A3AF-23117FD69870}.Release|Any CPU.ActiveCfg = Release|Any CPU
		{4A839B26-EB15-4379-A3AF-23117FD69870}.Release|Any CPU.Build.0 = Release|Any CPU
		{CC5E08D7-70ED-497F-AF6E-034F6FABBD80}.Debug|Any CPU.ActiveCfg = Debug|Any CPU
		{CC5E08D7-70ED-497F-AF6E-034F6FABBD80}.Debug|Any CPU.Build.0 = Debug|Any CPU
		{CC5E08D7-70ED-497F-AF6E-034F6FABBD80}.Debug|Any CPU.Deploy.0 = Debug|Any CPU
		{CC5E08D7-70ED-497F-AF6E-034F6FABBD80}.Release|Any CPU.ActiveCfg = Release|Any CPU
		{CC5E08D7-70ED-497F-AF6E-034F6FABBD80}.Release|Any CPU.Build.0 = Release|Any CPU
		{CC5E08D7-70ED-497F-AF6E-034F6FABBD80}.Release|Any CPU.Deploy.0 = Release|Any CPU
		{2B4C2DB5-456F-482B-861F-A6B5FBBC85A4}.Debug|Any CPU.ActiveCfg = Debug|Any CPU
		{2B4C2DB5-456F-482B-861F-A6B5FBBC85A4}.Debug|Any CPU.Build.0 = Debug|Any CPU
		{2B4C2DB5-456F-482B-861F-A6B5FBBC85A4}.Release|Any CPU.ActiveCfg = Release|Any CPU
		{2B4C2DB5-456F-482B-861F-A6B5FBBC85A4}.Release|Any CPU.Build.0 = Release|Any CPU
		{EED70BEC-76E0-43C6-8828-B77357991E88}.Debug|Any CPU.ActiveCfg = Debug|Any CPU
		{EED70BEC-76E0-43C6-8828-B77357991E88}.Debug|Any CPU.Build.0 = Debug|Any CPU
		{EED70BEC-76E0-43C6-8828-B77357991E88}.Release|Any CPU.ActiveCfg = Release|Any CPU
		{EED70BEC-76E0-43C6-8828-B77357991E88}.Release|Any CPU.Build.0 = Release|Any CPU
	EndGlobalSection
	GlobalSection(SolutionProperties) = preSolution
		HideSolutionNode = FALSE
	EndGlobalSection
	GlobalSection(ExtensibilityGlobals) = postSolution
		SolutionGuid = {12DD8C10-3B51-4DC0-80C3-E4D0341CA2F3}
	EndGlobalSection
EndGlobal
